
Microsoft Visual Studio Solution File, Format Version 11.00
# Visual Studio 2010
Project("{8BC9CEB8-8B4A-11D0-8D11-00A0C91BC942}") = "VideoPoker", "VideoPoker.vcxproj", "{6BA4C42C-CBF9-473F-A759-CFAF5107B4AB}"
EndProject
Global
	GlobalSection(SolutionConfigurationPlatforms) = preSolution
		Debug|Win32 = Debug|Win32
		Release|Win32 = Release|Win32
	EndGlobalSection
	GlobalSection(ProjectConfigurationPlatforms) = postSolution
		{6BA4C42C-CBF9-473F-A759-CFAF5107B4AB}.Debug|Win32.ActiveCfg = Debug|Win32
		{6BA4C42C-CBF9-473F-A759-CFAF5107B4AB}.Debug|Win32.Build.0 = Debug|Win32
		{6BA4C42C-CBF9-473F-A759-CFAF5107B4AB}.Release|Win32.ActiveCfg = Release|Win32
		{6BA4C42C-CBF9-473F-A759-CFAF5107B4AB}.Release|Win32.Build.0 = Release|Win32
	EndGlobalSection
	GlobalSection(SolutionProperties) = preSolution
		HideSolutionNode = FALSE
	EndGlobalSection
EndGlobal
